
Microsoft Visual Studio Solution File, Format Version 12.00
# Visual Studio Version 16
VisualStudioVersion = 16.0.29911.84
MinimumVisualStudioVersion = 10.0.40219.1
Project("{FAE04EC0-301F-11D3-BF4B-00C04F79EFBC}") = "LagerMonitor", "LagerMonitor\LagerMonitor.csproj", "{AB625D63-869D-4279-B82D-09ACB634AB91}"
EndProject
Global
	GlobalSection(SolutionConfigurationPlatforms) = preSolution
		Debug|Any CPU = Debug|Any CPU
		Release|Any CPU = Release|Any CPU
	EndGlobalSection
	GlobalSection(ProjectConfigurationPlatforms) = postSolution
		{AB625D63-869D-4279-B82D-09ACB634AB91}.Debug|Any CPU.ActiveCfg = Debug|Any CPU
		{AB625D63-869D-4279-B82D-09ACB634AB91}.Debug|Any CPU.Build.0 = Debug|Any CPU
		{AB625D63-869D-4279-B82D-09ACB634AB91}.Release|Any CPU.ActiveCfg = Release|Any CPU
		{AB625D63-869D-4279-B82D-09ACB634AB91}.Release|Any CPU.Build.0 = Release|Any CPU
	EndGlobalSection
	GlobalSection(SolutionProperties) = preSolution
		HideSolutionNode = FALSE
	EndGlobalSection
	GlobalSection(ExtensibilityGlobals) = postSolution
		SolutionGuid = {5AD75DC4-FE7E-4513-970D-C2685B279200}
	EndGlobalSection
EndGlobal
